#include <iostream>
using namespace std;

int main() {
    listint list1, list2;
    int value, k;

    cout << "Nhập 10 số nguyên: ";
    for (int i = 0; i < 10; i++) {
        cin >> value;
        list1.insert(value);
    }

    cout << "Danh sách thứ nhất: ";
    list1.print();

    cout << "Nhập số cần xóa: ";
    cin >> k;
    list1.remove(k);

    cout << "Danh sách sau khi xóa: ";
    list1.print();

    cout << "Nhập 5 số nguyên vào danh sách thứ hai: ";
    for (int i = 0; i < 5; i++) {
        cin >> value;
        list2.insert(value);
    }

    list1.merge(list2);

    cout << "Danh sách sau khi gộp: ";
    list1.print();

    return 0;
}

